
Microsoft Visual Studio Solution File, Format Version 11.00
# Visual Studio 2010
Project("{FAE04EC0-301F-11D3-BF4B-00C04F79EFBC}") = "UnityEngine.UI", "UnityEngine.UI.csproj", "{0e7cf027-d691-fa72-7eef-c8f12b468586}"
EndProject
Project("{FAE04EC0-301F-11D3-BF4B-00C04F79EFBC}") = "Unity.Timeline", "Unity.Timeline.csproj", "{9bad4d56-4042-31a2-1f00-d6649701d435}"
EndProject
Project("{FAE04EC0-301F-11D3-BF4B-00C04F79EFBC}") = "Unity.TextMeshPro", "Unity.TextMeshPro.csproj", "{7c06bee8-42ad-30bb-8f07-2493444149f6}"
EndProject
Project("{FAE04EC0-301F-11D3-BF4B-00C04F79EFBC}") = "Assembly-CSharp", "Assembly-CSharp.csproj", "{8f09576e-98ba-ead1-a4ee-deb787a2cdd4}"
EndProject
Project("{FAE04EC0-301F-11D3-BF4B-00C04F79EFBC}") = "Unity.Timeline.Editor", "Unity.Timeline.Editor.csproj", "{ab023f31-471c-173d-9655-525293bbdb05}"
EndProject
Project("{FAE04EC0-301F-11D3-BF4B-00C04F79EFBC}") = "UnityEditor.UI", "UnityEditor.UI.csproj", "{f06c3a2b-eb18-abfe-4338-6ef8c2ac6788}"
EndProject
Project("{FAE04EC0-301F-11D3-BF4B-00C04F79EFBC}") = "Unity.TextMeshPro.Editor", "Unity.TextMeshPro.Editor.csproj", "{c42776ac-6283-a0e5-5d6c-f202b99135b1}"
EndProject
Project("{FAE04EC0-301F-11D3-BF4B-00C04F79EFBC}") = "Unity.Rider.Editor", "Unity.Rider.Editor.csproj", "{4211384e-2459-132c-c478-cc691f2a3e39}"
EndProject
Project("{FAE04EC0-301F-11D3-BF4B-00C04F79EFBC}") = "Unity.TextMeshPro.Editor.Tests", "Unity.TextMeshPro.Editor.Tests.csproj", "{79f99ccd-4e1c-71df-cd17-acc6b4dd71b4}"
EndProject
Project("{FAE04EC0-301F-11D3-BF4B-00C04F79EFBC}") = "DocCodeExamples", "DocCodeExamples.csproj", "{3062f785-f27e-3d93-5154-27ad56be8ad3}"
EndProject
Project("{FAE04EC0-301F-11D3-BF4B-00C04F79EFBC}") = "UnityEngine.UI.Tests", "UnityEngine.UI.Tests.csproj", "{efaeaac8-be43-2a00-4d13-13c5b46c9169}"
EndProject
Project("{FAE04EC0-301F-11D3-BF4B-00C04F79EFBC}") = "Unity.TextMeshPro.Tests", "Unity.TextMeshPro.Tests.csproj", "{3fae6130-27bb-97e0-3bde-f317706d2444}"
EndProject
Project("{FAE04EC0-301F-11D3-BF4B-00C04F79EFBC}") = "UnityEditor.UI.EditorTests", "UnityEditor.UI.EditorTests.csproj", "{705cc1b1-ebd5-9dcf-8d5f-1295a108b93c}"
EndProject
Global
	GlobalSection(SolutionConfigurationPlatforms) = preSolution
		Debug|Any CPU = Debug|Any CPU
	EndGlobalSection
	GlobalSection(ProjectConfigurationPlatforms) = postSolution
		{0e7cf027-d691-fa72-7eef-c8f12b468586}.Debug|Any CPU.ActiveCfg = Debug|Any CPU
		{0e7cf027-d691-fa72-7eef-c8f12b468586}.Debug|Any CPU.Build.0 = Debug|Any CPU
		{9bad4d56-4042-31a2-1f00-d6649701d435}.Debug|Any CPU.ActiveCfg = Debug|Any CPU
		{9bad4d56-4042-31a2-1f00-d6649701d435}.Debug|Any CPU.Build.0 = Debug|Any CPU
		{7c06bee8-42ad-30bb-8f07-2493444149f6}.Debug|Any CPU.ActiveCfg = Debug|Any CPU
		{7c06bee8-42ad-30bb-8f07-2493444149f6}.Debug|Any CPU.Build.0 = Debug|Any CPU
		{8f09576e-98ba-ead1-a4ee-deb787a2cdd4}.Debug|Any CPU.ActiveCfg = Debug|Any CPU
		{8f09576e-98ba-ead1-a4ee-deb787a2cdd4}.Debug|Any CPU.Build.0 = Debug|Any CPU
		{ab023f31-471c-173d-9655-525293bbdb05}.Debug|Any CPU.ActiveCfg = Debug|Any CPU
		{ab023f31-471c-173d-9655-525293bbdb05}.Debug|Any CPU.Build.0 = Debug|Any CPU
		{f06c3a2b-eb18-abfe-4338-6ef8c2ac6788}.Debug|Any CPU.ActiveCfg = Debug|Any CPU
		{f06c3a2b-eb18-abfe-4338-6ef8c2ac6788}.Debug|Any CPU.Build.0 = Debug|Any CPU
		{c42776ac-6283-a0e5-5d6c-f202b99135b1}.Debug|Any CPU.ActiveCfg = Debug|Any CPU
		{c42776ac-6283-a0e5-5d6c-f202b99135b1}.Debug|Any CPU.Build.0 = Debug|Any CPU
		{4211384e-2459-132c-c478-cc691f2a3e39}.Debug|Any CPU.ActiveCfg = Debug|Any CPU
		{4211384e-2459-132c-c478-cc691f2a3e39}.Debug|Any CPU.Build.0 = Debug|Any CPU
		{79f99ccd-4e1c-71df-cd17-acc6b4dd71b4}.Debug|Any CPU.ActiveCfg = Debug|Any CPU
		{79f99ccd-4e1c-71df-cd17-acc6b4dd71b4}.Debug|Any CPU.Build.0 = Debug|Any CPU
		{3062f785-f27e-3d93-5154-27ad56be8ad3}.Debug|Any CPU.ActiveCfg = Debug|Any CPU
		{3062f785-f27e-3d93-5154-27ad56be8ad3}.Debug|Any CPU.Build.0 = Debug|Any CPU
		{efaeaac8-be43-2a00-4d13-13c5b46c9169}.Debug|Any CPU.ActiveCfg = Debug|Any CPU
		{efaeaac8-be43-2a00-4d13-13c5b46c9169}.Debug|Any CPU.Build.0 = Debug|Any CPU
		{3fae6130-27bb-97e0-3bde-f317706d2444}.Debug|Any CPU.ActiveCfg = Debug|Any CPU
		{3fae6130-27bb-97e0-3bde-f317706d2444}.Debug|Any CPU.Build.0 = Debug|Any CPU
		{705cc1b1-ebd5-9dcf-8d5f-1295a108b93c}.Debug|Any CPU.ActiveCfg = Debug|Any CPU
		{705cc1b1-ebd5-9dcf-8d5f-1295a108b93c}.Debug|Any CPU.Build.0 = Debug|Any CPU
	EndGlobalSection
	GlobalSection(SolutionProperties) = preSolution
		HideSolutionNode = FALSE
	EndGlobalSection
EndGlobal
